{
    "lockfileVersion": 1,
    "dependencies": {
        "has-flag": {
            "version": "2.0.0",
            "resolved": "https://registry.npmjs.org/has-flag/-/has-flag-2.0.0.tgz",
            "integrity": "sha1-6CB68cx7MNRGzHC3NLXovhj4jVE=",
            "dev": true
        },
        "word-wrap": {
            "version": "1.2.3",
            "resolved": "https://registry.npmjs.org/word-wrap/-/word-wrap-1.2.3.tgz",
            "integrity": "sha512-Hz/mrNwitNRh/HUAtM/VT/5VH+ygD6DV7mYKZAtHOrbs8U7lvPS6xf7EJKMF0uW1KJCl0H701g3ZGus+muE5vQ=="
        },
        "wordwrap": {
            "version": "1.0.0",
            "resolved": "https://registry.npmjs.org/wordwrap/-/wordwrap-1.0.0.tgz",
            "integrity": "sha1-J1hIEIkUVqQXHI0CJkQa3pDLyus=",
            "dev": true
        }
    }
}
