{
    "name": "jollof-data-arangodb",
    "version": "1.0.3",
    "lockfileVersion": 1,
    "requires": true,
    "dependencies": {
        "arangojs": {
            "version": "git+https://github.com/timmak/arangojs.git#6f4110baab958ddaaeca2d0114b4afe868a5e7c1",
            "requires": {
                "es6-error": "4.1.1",
                "linkedlist": "1.0.1",
                "multi-part": "2.0.0",
                "utf8-length": "0.0.1",
                "xhr": "2.4.1"
            }
        },
        "bluebird": {
            "version": "3.5.1",
            "resolved": "https://registry.npmjs.org/bluebird/-/bluebird-3.5.1.tgz",
            "integrity": "sha512-MKiLiV+I1AA596t9w1sQJ8jkiSr5+ZKi0WKrYGUn6d1Fx+Ij4tIj+m2WMQSGczs5jZVxV339chE8iwk6F64wjA=="
        },
        "boom": {
            "version": "4.3.1",
            "resolved": "https://registry.npmjs.org/boom/-/boom-4.3.1.tgz",
            "integrity": "sha1-T4owBctKfjiJ90kDD9JbluAdLjE=",
            "requires": {
                "hoek": "4.2.0"
            }
        },
        "co": {
            "version": "4.6.0",
            "resolved": "https://registry.npmjs.org/co/-/co-4.6.0.tgz",
            "integrity": "sha1-bqa989hTrlTMuOR7+gvz+QMfsYQ="
        },
        "dom-walk": {
            "version": "0.1.1",
            "resolved": "https://registry.npmjs.org/dom-walk/-/dom-walk-0.1.1.tgz",
            "integrity": "sha1-ZyIm3HTI95mtNTB9+TaroRrNYBg="
        },
        "es6-error": {
            "version": "4.1.1",
            "resolved": "https://registry.npmjs.org/es6-error/-/es6-error-4.1.1.tgz",
            "integrity": "sha512-Um/+FxMr9CISWh0bi5Zv0iOD+4cFh5qLeks1qhAopKVAJw3drgKbKySikp7wGhDL0HPeaja0P5ULZrxLkniUVg=="
        },
        "file-type": {
            "version": "4.4.0",
            "resolved": "https://registry.npmjs.org/file-type/-/file-type-4.4.0.tgz",
            "integrity": "sha1-G2AOX8ofvcboDApwxxyNul95BsU="
        },
        "for-each": {
            "version": "0.3.2",
            "resolved": "https://registry.npmjs.org/for-each/-/for-each-0.3.2.tgz",
            "integrity": "sha1-LEBFC5NI6X8oEyJZO6lnBLmr1NQ=",
            "requires": {
                "is-function": "1.0.1"
            }
        },
        "global": {
            "version": "4.3.2",
            "resolved": "https://registry.npmjs.org/global/-/global-4.3.2.tgz",
            "integrity": "sha1-52mJJopsdMOJCLEwWxD8DjlOnQ8=",
            "requires": {
                "min-document": "2.19.0",
                "process": "0.5.2"
            }
        },
        "hoek": {
            "version": "4.2.0",
            "resolved": "https://registry.npmjs.org/hoek/-/hoek-4.2.0.tgz",
            "integrity": "sha1-ctnQdU9/4lyi0BrY+PmpRJqJUm0="
        },
        "is-function": {
            "version": "1.0.1",
            "resolved": "https://registry.npmjs.org/is-function/-/is-function-1.0.1.tgz",
            "integrity": "sha1-Es+5i2W1fdPRk6MSH19uL0N2ArU="
        },
        "linkedlist": {
            "version": "1.0.1",
            "resolved": "https://registry.npmjs.org/linkedlist/-/linkedlist-1.0.1.tgz",
            "integrity": "sha1-e3QYm/rW52Nn+1oQ88NpExKLeCs="
        },
        "lodash": {
            "version": "4.17.5",
            "resolved": "https://registry.npmjs.org/lodash/-/lodash-4.17.5.tgz",
            "integrity": "sha512-svL3uiZf1RwhH+cWrfZn3A4+U58wbP0tGVTLQPbjplZxZ8ROD9VLuNgsRniTlLe7OlSqR79RUehXgpBW/s0IQw=="
        },
        "mime-db": {
            "version": "1.33.0",
            "resolved": "https://registry.npmjs.org/mime-db/-/mime-db-1.33.0.tgz",
            "integrity": "sha512-BHJ/EKruNIqJf/QahvxwQZXKygOQ256myeN/Ew+THcAa5q+PjyTTMMeNQC4DZw5AwfvelsUrA6B67NKMqXDbzQ=="
        },
        "mime-kind": {
            "version": "2.0.2",
            "resolved": "https://registry.npmjs.org/mime-kind/-/mime-kind-2.0.2.tgz",
            "integrity": "sha1-WkPVvr3rCCGCIk2dJjIGMp5Xzfg=",
            "requires": {
                "file-type": "4.4.0",
                "mime-types": "2.1.18"
            }
        },
        "mime-types": {
            "version": "2.1.18",
            "resolved": "https://registry.npmjs.org/mime-types/-/mime-types-2.1.18.tgz",
            "integrity": "sha512-lc/aahn+t4/SWV/qcmumYjymLsWfN3ELhpmVuUFjgsORruuZPVSwAQryq+HHGvO/SI2KVX26bx+En+zhM8g8hQ==",
            "requires": {
                "mime-db": "1.33.0"
            }
        },
        "min-document": {
            "version": "2.19.0",
            "resolved": "https://registry.npmjs.org/min-document/-/min-document-2.19.0.tgz",
            "integrity": "sha1-e9KC4/WELtKVu3SM3Z8f+iyCRoU=",
            "requires": {
                "dom-walk": "0.1.1"
            }
        },
        "multi-part": {
            "version": "2.0.0",
            "resolved": "https://registry.npmjs.org/multi-part/-/multi-part-2.0.0.tgz",
            "integrity": "sha1-Z09TtDL4UM+MwC0w0h8gZOMJVjw=",
            "requires": {
                "mime-kind": "2.0.2"
            }
        },
        "parse-headers": {
            "version": "2.0.1",
            "resolved": "https://registry.npmjs.org/parse-headers/-/parse-headers-2.0.1.tgz",
            "integrity": "sha1-aug6eqJanZtwCswoaYzR8e1+lTY=",
            "requires": {
                "for-each": "0.3.2",
                "trim": "0.0.1"
            }
        },
        "process": {
            "version": "0.5.2",
            "resolved": "https://registry.npmjs.org/process/-/process-0.5.2.tgz",
            "integrity": "sha1-FjjYqONML0QKkduVq5rrZ3/Bhc8="
        },
        "trim": {
            "version": "0.0.1",
            "resolved": "https://registry.npmjs.org/trim/-/trim-0.0.1.tgz",
            "integrity": "sha1-WFhUf2spB1fulczMZm+1AITEYN0="
        },
        "utf8-length": {
            "version": "0.0.1",
            "resolved": "https://registry.npmjs.org/utf8-length/-/utf8-length-0.0.1.tgz",
            "integrity": "sha1-0xXEvtUpyXfxjdNcc9cmKDJ9mto="
        },
        "xhr": {
            "version": "2.4.1",
            "resolved": "https://registry.npmjs.org/xhr/-/xhr-2.4.1.tgz",
            "integrity": "sha512-pAIU5vBr9Hiy5cpFIbPnwf0C18ZF86DBsZKrlsf87N5De/JbA6RJ83UP/cv+aljl4S40iRVMqP4pr4sF9Dnj0A==",
            "requires": {
                "global": "4.3.2",
                "is-function": "1.0.1",
                "parse-headers": "2.0.1",
                "xtend": "4.0.1"
            }
        },
        "xtend": {
            "version": "4.0.1",
            "resolved": "https://registry.npmjs.org/xtend/-/xtend-4.0.1.tgz",
            "integrity": "sha1-pcbVMr5lbiPbgg77lDofBJmNY68="
        }
    }
}
