{
    "name": "jollof-data-arangodb",
    "version": "1.4.2",
    "lockfileVersion": 1,
    "requires": true,
    "dependencies": {
        "arangojs": {
            "version": "6.1.1",
            "resolved": "https://registry.npmjs.org/arangojs/-/arangojs-6.1.1.tgz",
            "integrity": "sha512-s1IYuvyNhQTZpHu9MJL037xTdKXsGwP6nl0rSc+r9a3r9v8fHftapUoPHtp9/nMaDVjze+J2nXb9EXnL6Y7QXQ==",
            "requires": {
                "es6-error": "4.1.1",
                "linkedlist": "1.0.1",
                "multi-part": "2.0.0",
                "utf8-length": "0.0.1",
                "xhr": "2.4.1"
            }
        },
        "bluebird": {
            "version": "3.5.0",
            "resolved": "https://registry.npmjs.org/bluebird/-/bluebird-3.5.0.tgz",
            "integrity": "sha1-eRQg1/VR7qKJdFOop3ZT+WYG1nw="
        },
        "boom": {
            "version": "4.3.1",
            "resolved": "https://registry.npmjs.org/boom/-/boom-4.3.1.tgz",
            "integrity": "sha1-T4owBctKfjiJ90kDD9JbluAdLjE=",
            "requires": {
                "hoek": "4.2.0"
            }
        },
        "bson": {
            "version": "1.0.4",
            "resolved": "https://registry.npmjs.org/bson/-/bson-1.0.4.tgz",
            "integrity": "sha1-k8ENOeqltYQVy8QFLz5T5WKwtyw="
        },
        "buffer-shims": {
            "version": "1.0.0",
            "resolved": "https://registry.npmjs.org/buffer-shims/-/buffer-shims-1.0.0.tgz",
            "integrity": "sha1-mXjOMXOIxkmth5MCjDR37wRKi1E="
        },
        "co": {
            "version": "4.6.0",
            "resolved": "https://registry.npmjs.org/co/-/co-4.6.0.tgz",
            "integrity": "sha1-bqa989hTrlTMuOR7+gvz+QMfsYQ="
        },
        "core-util-is": {
            "version": "1.0.2",
            "resolved": "https://registry.npmjs.org/core-util-is/-/core-util-is-1.0.2.tgz",
            "integrity": "sha1-tf1UIgqivFq1eqtxQMlAdUUDwac="
        },
        "dom-walk": {
            "version": "0.1.1",
            "resolved": "https://registry.npmjs.org/dom-walk/-/dom-walk-0.1.1.tgz",
            "integrity": "sha1-ZyIm3HTI95mtNTB9+TaroRrNYBg="
        },
        "es6-error": {
            "version": "4.1.1",
            "resolved": "https://registry.npmjs.org/es6-error/-/es6-error-4.1.1.tgz",
            "integrity": "sha512-Um/+FxMr9CISWh0bi5Zv0iOD+4cFh5qLeks1qhAopKVAJw3drgKbKySikp7wGhDL0HPeaja0P5ULZrxLkniUVg=="
        },
        "es6-promise": {
            "version": "3.2.1",
            "resolved": "https://registry.npmjs.org/es6-promise/-/es6-promise-3.2.1.tgz",
            "integrity": "sha1-7FYjOGgDKQkgcXDDlEjiREndH8Q="
        },
        "file-type": {
            "version": "4.4.0",
            "resolved": "https://registry.npmjs.org/file-type/-/file-type-4.4.0.tgz",
            "integrity": "sha1-G2AOX8ofvcboDApwxxyNul95BsU="
        },
        "for-each": {
            "version": "0.3.2",
            "resolved": "https://registry.npmjs.org/for-each/-/for-each-0.3.2.tgz",
            "integrity": "sha1-LEBFC5NI6X8oEyJZO6lnBLmr1NQ=",
            "requires": {
                "is-function": "1.0.1"
            }
        },
        "global": {
            "version": "4.3.2",
            "resolved": "https://registry.npmjs.org/global/-/global-4.3.2.tgz",
            "integrity": "sha1-52mJJopsdMOJCLEwWxD8DjlOnQ8=",
            "requires": {
                "min-document": "2.19.0",
                "process": "0.5.2"
            }
        },
        "hoek": {
            "version": "4.2.0",
            "resolved": "https://registry.npmjs.org/hoek/-/hoek-4.2.0.tgz",
            "integrity": "sha1-ctnQdU9/4lyi0BrY+PmpRJqJUm0="
        },
        "inherits": {
            "version": "2.0.3",
            "resolved": "https://registry.npmjs.org/inherits/-/inherits-2.0.3.tgz",
            "integrity": "sha1-Yzwsg+PaQqUC9SRmAiSA9CCCYd4="
        },
        "is-function": {
            "version": "1.0.1",
            "resolved": "https://registry.npmjs.org/is-function/-/is-function-1.0.1.tgz",
            "integrity": "sha1-Es+5i2W1fdPRk6MSH19uL0N2ArU="
        },
        "isarray": {
            "version": "1.0.0",
            "resolved": "https://registry.npmjs.org/isarray/-/isarray-1.0.0.tgz",
            "integrity": "sha1-u5NdSFgsuhaMBoNJV6VKPgcSTxE="
        },
        "linkedlist": {
            "version": "1.0.1",
            "resolved": "https://registry.npmjs.org/linkedlist/-/linkedlist-1.0.1.tgz",
            "integrity": "sha1-e3QYm/rW52Nn+1oQ88NpExKLeCs="
        },
        "lodash": {
            "version": "4.17.4",
            "resolved": "https://registry.npmjs.org/lodash/-/lodash-4.17.4.tgz",
            "integrity": "sha1-eCA6TRwyiuHYbcpkYONptX9AVa4="
        },
        "mime-db": {
            "version": "1.33.0",
            "resolved": "https://registry.npmjs.org/mime-db/-/mime-db-1.33.0.tgz",
            "integrity": "sha512-BHJ/EKruNIqJf/QahvxwQZXKygOQ256myeN/Ew+THcAa5q+PjyTTMMeNQC4DZw5AwfvelsUrA6B67NKMqXDbzQ=="
        },
        "mime-kind": {
            "version": "2.0.2",
            "resolved": "https://registry.npmjs.org/mime-kind/-/mime-kind-2.0.2.tgz",
            "integrity": "sha1-WkPVvr3rCCGCIk2dJjIGMp5Xzfg=",
            "requires": {
                "file-type": "4.4.0",
                "mime-types": "2.1.18"
            }
        },
        "mime-types": {
            "version": "2.1.18",
            "resolved": "https://registry.npmjs.org/mime-types/-/mime-types-2.1.18.tgz",
            "integrity": "sha512-lc/aahn+t4/SWV/qcmumYjymLsWfN3ELhpmVuUFjgsORruuZPVSwAQryq+HHGvO/SI2KVX26bx+En+zhM8g8hQ==",
            "requires": {
                "mime-db": "1.33.0"
            }
        },
        "min-document": {
            "version": "2.19.0",
            "resolved": "https://registry.npmjs.org/min-document/-/min-document-2.19.0.tgz",
            "integrity": "sha1-e9KC4/WELtKVu3SM3Z8f+iyCRoU=",
            "requires": {
                "dom-walk": "0.1.1"
            }
        },
        "mongo-factory": {
            "version": "1.0.0",
            "resolved": "https://registry.npmjs.org/mongo-factory/-/mongo-factory-1.0.0.tgz",
            "integrity": "sha1-+t4+4xM2ydEwKbIWjAU4Ugvlids=",
            "requires": {
                "es6-promise": "3.2.1",
                "underscore": "1.8.3"
            }
        },
        "mongodb": {
            "version": "2.2.30",
            "resolved": "https://registry.npmjs.org/mongodb/-/mongodb-2.2.30.tgz",
            "integrity": "sha1-jM2AH2dsgXIEDC8rR+lgKg1WNKs=",
            "requires": {
                "es6-promise": "3.2.1",
                "mongodb-core": "2.1.14",
                "readable-stream": "2.2.7"
            }
        },
        "mongodb-core": {
            "version": "2.1.14",
            "resolved": "https://registry.npmjs.org/mongodb-core/-/mongodb-core-2.1.14.tgz",
            "integrity": "sha1-E8uidkImtb49GJkq8Mljzl6g8P0=",
            "requires": {
                "bson": "1.0.4",
                "require_optional": "1.0.1"
            }
        },
        "multi-part": {
            "version": "2.0.0",
            "resolved": "https://registry.npmjs.org/multi-part/-/multi-part-2.0.0.tgz",
            "integrity": "sha1-Z09TtDL4UM+MwC0w0h8gZOMJVjw=",
            "requires": {
                "mime-kind": "2.0.2"
            }
        },
        "parse-headers": {
            "version": "2.0.1",
            "resolved": "https://registry.npmjs.org/parse-headers/-/parse-headers-2.0.1.tgz",
            "integrity": "sha1-aug6eqJanZtwCswoaYzR8e1+lTY=",
            "requires": {
                "for-each": "0.3.2",
                "trim": "0.0.1"
            }
        },
        "process": {
            "version": "0.5.2",
            "resolved": "https://registry.npmjs.org/process/-/process-0.5.2.tgz",
            "integrity": "sha1-FjjYqONML0QKkduVq5rrZ3/Bhc8="
        },
        "process-nextick-args": {
            "version": "1.0.7",
            "resolved": "https://registry.npmjs.org/process-nextick-args/-/process-nextick-args-1.0.7.tgz",
            "integrity": "sha1-FQ4gt1ZZCtP5EJPyWk8q2L/zC6M="
        },
        "readable-stream": {
            "version": "2.2.7",
            "resolved": "https://registry.npmjs.org/readable-stream/-/readable-stream-2.2.7.tgz",
            "integrity": "sha1-BwV6y+JGeyIELTb5jFrVBwVOlbE=",
            "requires": {
                "buffer-shims": "1.0.0",
                "core-util-is": "1.0.2",
                "inherits": "2.0.3",
                "isarray": "1.0.0",
                "process-nextick-args": "1.0.7",
                "string_decoder": "1.0.3",
                "util-deprecate": "1.0.2"
            }
        },
        "require_optional": {
            "version": "1.0.1",
            "resolved": "https://registry.npmjs.org/require_optional/-/require_optional-1.0.1.tgz",
            "integrity": "sha1-TPNaQkf2TKPfjC7yCMxJSxyo/C4=",
            "requires": {
                "resolve-from": "2.0.0",
                "semver": "5.3.0"
            }
        },
        "resolve-from": {
            "version": "2.0.0",
            "resolved": "https://registry.npmjs.org/resolve-from/-/resolve-from-2.0.0.tgz",
            "integrity": "sha1-lICrIOlP+h2egKgEx+oUdhGWa1c="
        },
        "safe-buffer": {
            "version": "5.1.1",
            "resolved": "https://registry.npmjs.org/safe-buffer/-/safe-buffer-5.1.1.tgz",
            "integrity": "sha1-iTMSr2myEj3vcfV4iQAWce6yyFM="
        },
        "semver": {
            "version": "5.3.0",
            "resolved": "https://registry.npmjs.org/semver/-/semver-5.3.0.tgz",
            "integrity": "sha1-myzl094C0XxgEq0yaqa00M9U+U8="
        },
        "string_decoder": {
            "version": "1.0.3",
            "resolved": "https://registry.npmjs.org/string_decoder/-/string_decoder-1.0.3.tgz",
            "integrity": "sha1-D8Z9fBQYJd6UKC3VNr7GubzoYKs=",
            "requires": {
                "safe-buffer": "5.1.1"
            }
        },
        "trim": {
            "version": "0.0.1",
            "resolved": "https://registry.npmjs.org/trim/-/trim-0.0.1.tgz",
            "integrity": "sha1-WFhUf2spB1fulczMZm+1AITEYN0="
        },
        "underscore": {
            "version": "1.8.3",
            "resolved": "https://registry.npmjs.org/underscore/-/underscore-1.8.3.tgz",
            "integrity": "sha1-Tz+1OxBuYJf8+ctBCfKl6b36UCI="
        },
        "utf8-length": {
            "version": "0.0.1",
            "resolved": "https://registry.npmjs.org/utf8-length/-/utf8-length-0.0.1.tgz",
            "integrity": "sha1-0xXEvtUpyXfxjdNcc9cmKDJ9mto="
        },
        "util-deprecate": {
            "version": "1.0.2",
            "resolved": "https://registry.npmjs.org/util-deprecate/-/util-deprecate-1.0.2.tgz",
            "integrity": "sha1-RQ1Nyfpw3nMnYvvS1KKJgUGaDM8="
        },
        "xhr": {
            "version": "2.4.1",
            "resolved": "https://registry.npmjs.org/xhr/-/xhr-2.4.1.tgz",
            "integrity": "sha512-pAIU5vBr9Hiy5cpFIbPnwf0C18ZF86DBsZKrlsf87N5De/JbA6RJ83UP/cv+aljl4S40iRVMqP4pr4sF9Dnj0A==",
            "requires": {
                "global": "4.3.2",
                "is-function": "1.0.1",
                "parse-headers": "2.0.1",
                "xtend": "4.0.1"
            }
        },
        "xtend": {
            "version": "4.0.1",
            "resolved": "https://registry.npmjs.org/xtend/-/xtend-4.0.1.tgz",
            "integrity": "sha1-pcbVMr5lbiPbgg77lDofBJmNY68="
        }
    }
}
