{
	"name": "jollof-data-memory",
	"version": "1.3.9",
	"lockfileVersion": 1,
	"requires": true,
	"dependencies": {
		"async": {
			"version": "0.2.10",
			"resolved": "https://registry.npmjs.org/async/-/async-0.2.10.tgz",
			"integrity": "sha1-trvgsGdLnXGXCMo43owjfLUmw9E="
		},
		"binary-search-tree": {
			"version": "0.2.5",
			"resolved": "https://registry.npmjs.org/binary-search-tree/-/binary-search-tree-0.2.5.tgz",
			"integrity": "sha1-fbs7IQ/coIJFDa0jNMMErzm9x4Q=",
			"requires": {
				"underscore": "~1.4.4"
			}
		},
		"bluebird": {
			"version": "3.5.1",
			"resolved": "https://registry.npmjs.org/bluebird/-/bluebird-3.5.1.tgz",
			"integrity": "sha512-MKiLiV+I1AA596t9w1sQJ8jkiSr5+ZKi0WKrYGUn6d1Fx+Ij4tIj+m2WMQSGczs5jZVxV339chE8iwk6F64wjA=="
		},
		"boom": {
			"version": "4.3.1",
			"resolved": "https://registry.npmjs.org/boom/-/boom-4.3.1.tgz",
			"integrity": "sha1-T4owBctKfjiJ90kDD9JbluAdLjE=",
			"requires": {
				"hoek": "4.x.x"
			}
		},
		"co": {
			"version": "4.6.0",
			"resolved": "https://registry.npmjs.org/co/-/co-4.6.0.tgz",
			"integrity": "sha1-bqa989hTrlTMuOR7+gvz+QMfsYQ="
		},
		"hoek": {
			"version": "4.2.1",
			"resolved": "https://registry.npmjs.org/hoek/-/hoek-4.2.1.tgz",
			"integrity": "sha512-QLg82fGkfnJ/4iy1xZ81/9SIJiq1NGFUMGs6ParyjBZr6jW2Ufj/snDqTHixNlHdPNwN2RLVD0Pi3igeK9+JfA=="
		},
		"immediate": {
			"version": "3.0.6",
			"resolved": "https://registry.npmjs.org/immediate/-/immediate-3.0.6.tgz",
			"integrity": "sha1-nbHb0Pr43m++D13V5Wu2BigN5ps="
		},
		"lie": {
			"version": "3.1.1",
			"resolved": "https://registry.npmjs.org/lie/-/lie-3.1.1.tgz",
			"integrity": "sha1-mkNrLMd0bKWd56QfpGmz77dr2H4=",
			"requires": {
				"immediate": "~3.0.5"
			}
		},
		"localforage": {
			"version": "1.9.0",
			"resolved": "https://registry.npmjs.org/localforage/-/localforage-1.9.0.tgz",
			"integrity": "sha512-rR1oyNrKulpe+VM9cYmcFn6tsHuokyVHFaCM3+osEmxaHTbEk8oQu6eGDfS6DQLWi/N67XRmB8ECG37OES368g==",
			"requires": {
				"lie": "3.1.1"
			}
		},
		"lodash": {
			"version": "4.17.21",
			"resolved": "https://registry.npmjs.org/lodash/-/lodash-4.17.21.tgz",
			"integrity": "sha512-v2kDEe57lecTulaDIuNTPy3Ry4gLGJ6Z1O3vE1krgXZNrsQ+LFTGHVxVjcXPs17LhbZVGedAJv8XZ1tvj5FvSg=="
		},
		"minimist": {
			"version": "1.2.5",
			"resolved": "https://registry.npmjs.org/minimist/-/minimist-1.2.5.tgz",
			"integrity": "sha512-FM9nNUYrRBAELZQT3xeZQ7fmMOBg6nWNmJKTcgsJeaLstP/UODVpGsr5OhXhhXg6f+qtJ8uiZ+PUxkDWcgIXLw=="
		},
		"mkdirp": {
			"version": "0.5.5",
			"resolved": "https://registry.npmjs.org/mkdirp/-/mkdirp-0.5.5.tgz",
			"integrity": "sha512-NKmAlESf6jMGym1++R0Ra7wvhV+wFW63FaSOFPwRahvea0gMUcGUhVeAg/0BC0wiv9ih5NYPB1Wn1UEI1/L+xQ==",
			"requires": {
				"minimist": "^1.2.5"
			}
		},
		"nedb-jollof": {
			"version": "1.0.4",
			"resolved": "https://registry.npmjs.org/nedb-jollof/-/nedb-jollof-1.0.4.tgz",
			"integrity": "sha512-3F9agk8QDN/QYhHz7noQINuf2h495f1gbER2mw7t7Q3Oi2LYDYMpB9W7Nk0/Dq/zEDAMvqQrKtIuSa/ybaWmOg==",
			"requires": {
				"async": "0.2.10",
				"binary-search-tree": "0.2.5",
				"localforage": "^1.3.0",
				"mkdirp": "~0.5.1",
				"underscore": "~1.4.4"
			}
		},
		"underscore": {
			"version": "1.4.4",
			"resolved": "https://registry.npmjs.org/underscore/-/underscore-1.4.4.tgz",
			"integrity": "sha1-YaajIBBiKvoHljvzJSA88SI51gQ="
		}
	}
}
