{
  "requires": true,
  "lockfileVersion": 1,
  "dependencies": {
    "Base64": {
      "version": "0.1.4",
      "resolved": "https://registry.npmjs.org/Base64/-/Base64-0.1.4.tgz",
      "integrity": "sha1-6fbGvvVn/WNepBYqsU3TKedKpt4="
    },
    "JSONStream": {
      "version": "0.6.4",
      "resolved": "https://registry.npmjs.org/JSONStream/-/JSONStream-0.6.4.tgz",
      "integrity": "sha1-SyyAY/j1Enh7I3X37p22kgj6Lcs=",
      "requires": {
        "jsonparse": "0.0.5",
        "through": "2.2.7"
      },
      "dependencies": {
        "through": {
          "version": "2.2.7",
          "resolved": "https://registry.npmjs.org/through/-/through-2.2.7.tgz",
          "integrity": "sha1-bo4hIAGR1OtqmfbwEN9Gqhxusr0="
        }
      }
    },
    "align-text": {
      "version": "0.1.4",
      "resolved": "https://registry.npmjs.org/align-text/-/align-text-0.1.4.tgz",
      "integrity": "sha512-GrTZLRpmp6wIC2ztrWW9MjjTgSKccffgFagbNDOX95/dcjEcYZibYTeaOntySQLcdw1ztBoFkviiUvTMbb9MYg==",
      "requires": {
        "kind-of": "^3.0.2",
        "longest": "^1.0.1",
        "repeat-string": "^1.5.2"
      }
    },
    "amdefine": {
      "version": "1.0.1",
      "resolved": "https://registry.npmjs.org/amdefine/-/amdefine-1.0.1.tgz",
      "integrity": "sha1-SlKCrBZHKek2Gbz9OtFR+BfOkfU="
    },
    "astw": {
      "version": "0.0.0",
      "resolved": "https://registry.npmjs.org/astw/-/astw-0.0.0.tgz",
      "integrity": "sha1-RJCGaj7xFqr5GtumPKfd9wttWb0=",
      "requires": {
        "esprima": "1.0.2"
      }
    },
    "async": {
      "version": "0.2.10",
      "resolved": "https://registry.npmjs.org/async/-/async-0.2.10.tgz",
      "integrity": "sha1-trvgsGdLnXGXCMo43owjfLUmw9E="
    },
    "base64-js": {
      "version": "0.0.2",
      "resolved": "https://registry.npmjs.org/base64-js/-/base64-js-0.0.2.tgz",
      "integrity": "sha1-Ak8Pcq+iW3X5wO5zzU9V7Bvtl4Q="
    },
    "bops": {
      "version": "0.0.6",
      "resolved": "https://registry.npmjs.org/bops/-/bops-0.0.6.tgz",
      "integrity": "sha1-CC0dVfoB5g29wuvC26N/ZZVUzzo=",
      "requires": {
        "base64-js": "0.0.2",
        "to-utf8": "0.0.1"
      }
    },
    "browser-builtins": {
      "version": "1.0.7",
      "resolved": "https://registry.npmjs.org/browser-builtins/-/browser-builtins-1.0.7.tgz",
      "integrity": "sha1-xU3/T/D9espBH8a8LW4B9UR+Y9M=",
      "requires": {
        "buffer-browserify": "0.1.0",
        "console-browserify": "0.1.6",
        "constants-browserify": "0.0.1",
        "crypto-browserify": "1.0.9",
        "http-browserify": "0.1.14",
        "punycode": "1.2.4",
        "resolve": "0.3.1",
        "vm-browserify": "0.0.4",
        "zlib-browserify": "0.0.3"
      }
    },
    "browser-pack": {
      "version": "0.9.4",
      "resolved": "https://registry.npmjs.org/browser-pack/-/browser-pack-0.9.4.tgz",
      "integrity": "sha1-yMycox894Gd/1UVJOvi97hS2Dxs=",
      "requires": {
        "JSONStream": "0.6.4",
        "combine-source-map": "0.1.3",
        "through": "2.3.8"
      }
    },
    "browser-resolve": {
      "version": "1.1.4",
      "resolved": "https://registry.npmjs.org/browser-resolve/-/browser-resolve-1.1.4.tgz",
      "integrity": "sha1-/Ds5/7BgwonYZmiHC1EybfDnatw=",
      "requires": {
        "resolve": "0.5.1"
      },
      "dependencies": {
        "resolve": {
          "version": "0.5.1",
          "resolved": "https://registry.npmjs.org/resolve/-/resolve-0.5.1.tgz",
          "integrity": "sha1-FeSiIsQja81M+FRUQSwtD7ZSRXY="
        }
      }
    },
    "browserify": {
      "version": "2.25.1",
      "resolved": "https://registry.npmjs.org/browserify/-/browserify-2.25.1.tgz",
      "integrity": "sha1-7sEaU9M4yvgcQU2FgXk/zCTVT7s=",
      "requires": {
        "JSONStream": "0.6.4",
        "browser-builtins": "1.0.7",
        "browser-pack": "0.9.4",
        "browser-resolve": "1.1.4",
        "concat-stream": "1.0.1",
        "deps-sort": "0.1.2",
        "duplexer": "0.1.1",
        "event-stream": "3.0.20",
        "inherits": "1.0.2",
        "insert-module-globals": "1.2.1",
        "module-deps": "1.0.2",
        "optimist": "0.5.2",
        "parents": "0.0.3",
        "shell-quote": "0.0.1",
        "syntax-error": "0.0.1",
        "through": "2.3.8",
        "umd": "1.1.1"
      }
    },
    "buffer-browserify": {
      "version": "0.1.0",
      "resolved": "https://registry.npmjs.org/buffer-browserify/-/buffer-browserify-0.1.0.tgz",
      "integrity": "sha1-rirwPfaIaV+ja+BfWSyBoGMpjd8=",
      "requires": {
        "base64-js": "0.0.2"
      }
    },
    "callsite": {
      "version": "1.0.0",
      "resolved": "https://registry.npmjs.org/callsite/-/callsite-1.0.0.tgz",
      "integrity": "sha1-KAOY5dZkvXQDi28JBRU+borxvCA="
    },
    "camelcase": {
      "version": "1.2.1",
      "resolved": "https://registry.npmjs.org/camelcase/-/camelcase-1.2.1.tgz",
      "integrity": "sha512-wzLkDa4K/mzI1OSITC+DUyjgIl/ETNHE9QvYgy6J6Jvqyyz4C0Xfd+lQhb19sX2jMpZV4IssUn0VDVmglV+s4g=="
    },
    "center-align": {
      "version": "0.1.3",
      "resolved": "https://registry.npmjs.org/center-align/-/center-align-0.1.3.tgz",
      "integrity": "sha512-Baz3aNe2gd2LP2qk5U+sDk/m4oSuwSDcBfayTCTBoWpfIGO5XFxPmjILQII4NGiZjD6DoDI6kf7gKaxkf7s3VQ==",
      "requires": {
        "align-text": "^0.1.3",
        "lazy-cache": "^1.0.3"
      }
    },
    "cliui": {
      "version": "2.1.0",
      "resolved": "https://registry.npmjs.org/cliui/-/cliui-2.1.0.tgz",
      "integrity": "sha1-S0dXYP+AJkx2LDoXGQMukcf+oNE=",
      "requires": {
        "center-align": "^0.1.1",
        "right-align": "^0.1.1",
        "wordwrap": "0.0.2"
      },
      "dependencies": {
        "wordwrap": {
          "version": "0.0.2",
          "resolved": "https://registry.npmjs.org/wordwrap/-/wordwrap-0.0.2.tgz",
          "integrity": "sha1-t5Zpu0LstAn4PVg8rVLKF+qhZD8="
        }
      }
    },
    "combine-source-map": {
      "version": "0.1.3",
      "resolved": "https://registry.npmjs.org/combine-source-map/-/combine-source-map-0.1.3.tgz",
      "integrity": "sha1-3bdZOg8WcriCEnAiUBR7xOnqlc8=",
      "requires": {
        "convert-source-map": "0.2.6",
        "inline-source-map": "0.2.5",
        "parse-base64vlq-mappings": "0.1.4"
      }
    },
    "commondir": {
      "version": "0.0.2",
      "resolved": "https://registry.npmjs.org/commondir/-/commondir-0.0.2.tgz",
      "integrity": "sha1-xJyIgMb+loRLs1Jd0ucxQFDDie4="
    },
    "concat-stream": {
      "version": "1.0.1",
      "resolved": "https://registry.npmjs.org/concat-stream/-/concat-stream-1.0.1.tgz",
      "integrity": "sha1-AYsYvBx9BzotyCqkhEI0GixN158=",
      "requires": {
        "bops": "0.0.6"
      }
    },
    "console-browserify": {
      "version": "0.1.6",
      "resolved": "https://registry.npmjs.org/console-browserify/-/console-browserify-0.1.6.tgz",
      "integrity": "sha1-0SijwLuINQ61YmxufHGm8P1ImDw="
    },
    "constants-browserify": {
      "version": "0.0.1",
      "resolved": "https://registry.npmjs.org/constants-browserify/-/constants-browserify-0.0.1.tgz",
      "integrity": "sha1-kld9tSe6bEzwpFaNhLwDH0QeIfI="
    },
    "convert-source-map": {
      "version": "0.2.6",
      "resolved": "https://registry.npmjs.org/convert-source-map/-/convert-source-map-0.2.6.tgz",
      "integrity": "sha1-rg7XNuimNEpYtQqJRyPeXIUd4tQ="
    },
    "crypto-browserify": {
      "version": "1.0.9",
      "resolved": "https://registry.npmjs.org/crypto-browserify/-/crypto-browserify-1.0.9.tgz",
      "integrity": "sha1-zFRJaF37hesRyYKKzHy4erW7/MA="
    },
    "decamelize": {
      "version": "1.2.0",
      "resolved": "https://registry.npmjs.org/decamelize/-/decamelize-1.2.0.tgz",
      "integrity": "sha1-9lNNFRSCabIDUue+4m9QH5oZEpA="
    },
    "deep-equal": {
      "version": "0.0.0",
      "resolved": "https://registry.npmjs.org/deep-equal/-/deep-equal-0.0.0.tgz",
      "integrity": "sha1-mWedO70EcVb81FDT0B7rkGhpHoM="
    },
    "defined": {
      "version": "0.0.0",
      "resolved": "https://registry.npmjs.org/defined/-/defined-0.0.0.tgz",
      "integrity": "sha1-817qfXBekzuvE7LwOz+D2SFAOz4="
    },
    "deps-sort": {
      "version": "0.1.2",
      "resolved": "https://registry.npmjs.org/deps-sort/-/deps-sort-0.1.2.tgz",
      "integrity": "sha1-2qL7YUoXyWN9gB4vVTOa43DzYRo=",
      "requires": {
        "JSONStream": "0.6.4",
        "minimist": "0.0.10",
        "through": "2.3.8"
      }
    },
    "detective": {
      "version": "2.1.2",
      "resolved": "https://registry.npmjs.org/detective/-/detective-2.1.2.tgz",
      "integrity": "sha1-0irZ8YyC77P1X+4uJEiD2mu7jjc=",
      "requires": {
        "escodegen": "0.0.15",
        "esprima": "1.0.2"
      }
    },
    "duplexer": {
      "version": "0.1.1",
      "resolved": "https://registry.npmjs.org/duplexer/-/duplexer-0.1.1.tgz",
      "integrity": "sha1-rOb/gIwc5mtX0ev5eXessCM0z8E="
    },
    "escodegen": {
      "version": "0.0.15",
      "resolved": "https://registry.npmjs.org/escodegen/-/escodegen-0.0.15.tgz",
      "integrity": "sha1-/9qcsmtws098wZ8diHVlOa+1Q70=",
      "requires": {
        "esprima": "1.0.2",
        "source-map": "0.1.43"
      }
    },
    "esprima": {
      "version": "1.0.2",
      "resolved": "https://registry.npmjs.org/esprima/-/esprima-1.0.2.tgz",
      "integrity": "sha1-gDm/nOrE2dLBX2IyZPspK1UCzq8="
    },
    "event-stream": {
      "version": "3.0.20",
      "resolved": "https://registry.npmjs.org/event-stream/-/event-stream-3.0.20.tgz",
      "integrity": "sha1-A4u7LqnqkDhbJvvBhU0LU58qvqM=",
      "requires": {
        "duplexer": "0.1.1",
        "from": "0.1.7",
        "map-stream": "0.0.7",
        "pause-stream": "0.0.11",
        "split": "0.2.10",
        "stream-combiner": "0.0.4",
        "through": "2.3.8"
      }
    },
    "from": {
      "version": "0.1.7",
      "resolved": "https://registry.npmjs.org/from/-/from-0.1.7.tgz",
      "integrity": "sha1-g8YK/Fi5xWmXAH7Rp2izqzA6RP4="
    },
    "fs-extra": {
      "version": "0.6.4",
      "resolved": "https://registry.npmjs.org/fs-extra/-/fs-extra-0.6.4.tgz",
      "integrity": "sha1-9G8MdbeEH40gCzNIzU1pHVoJnRU=",
      "requires": {
        "jsonfile": "1.0.1",
        "mkdirp": "0.3.5",
        "ncp": "0.4.2",
        "rimraf": "2.2.8"
      }
    },
    "http-browserify": {
      "version": "0.1.14",
      "resolved": "https://registry.npmjs.org/http-browserify/-/http-browserify-0.1.14.tgz",
      "integrity": "sha1-nIs/lAAiBFR8fL5Saa/i6mL3HH8=",
      "requires": {
        "Base64": "0.1.4",
        "concat-stream": "1.0.1"
      }
    },
    "indexof": {
      "version": "0.0.1",
      "resolved": "https://registry.npmjs.org/indexof/-/indexof-0.0.1.tgz",
      "integrity": "sha1-gtwzbSMrkGIXnQWrMpOmYFn9Q10="
    },
    "inherits": {
      "version": "1.0.2",
      "resolved": "https://registry.npmjs.org/inherits/-/inherits-1.0.2.tgz",
      "integrity": "sha1-ykMJ2t7mtUzAuNJH6NfHoJdb3Js="
    },
    "inline-source-map": {
      "version": "0.2.5",
      "resolved": "https://registry.npmjs.org/inline-source-map/-/inline-source-map-0.2.5.tgz",
      "integrity": "sha1-JC/2wYufsJNPep6DwUIZxhwTFnA=",
      "requires": {
        "source-map": "0.1.43"
      }
    },
    "insert-module-globals": {
      "version": "1.2.1",
      "resolved": "https://registry.npmjs.org/insert-module-globals/-/insert-module-globals-1.2.1.tgz",
      "integrity": "sha1-CbSMZu0yamwbvOA1mEM8YMfCTRM=",
      "requires": {
        "JSONStream": "0.4.4",
        "commondir": "0.0.2",
        "duplexer": "0.0.4",
        "lexical-scope": "0.0.15",
        "process": "0.5.2",
        "through": "2.2.7"
      },
      "dependencies": {
        "JSONStream": {
          "version": "0.4.4",
          "resolved": "https://registry.npmjs.org/JSONStream/-/JSONStream-0.4.4.tgz",
          "integrity": "sha1-zCzxGShsRb4VBCPLwSjUgOm1SuI=",
          "requires": {
            "jsonparse": "0.0.5"
          }
        },
        "duplexer": {
          "version": "0.0.4",
          "resolved": "https://registry.npmjs.org/duplexer/-/duplexer-0.0.4.tgz",
          "integrity": "sha1-r8t/H4uNdPggcmFx1dZKyeSo/yA="
        },
        "through": {
          "version": "2.2.7",
          "resolved": "https://registry.npmjs.org/through/-/through-2.2.7.tgz",
          "integrity": "sha1-bo4hIAGR1OtqmfbwEN9Gqhxusr0="
        }
      }
    },
    "is-buffer": {
      "version": "1.1.6",
      "resolved": "https://registry.npmjs.org/is-buffer/-/is-buffer-1.1.6.tgz",
      "integrity": "sha512-NcdALwpXkTm5Zvvbk7owOUSvVvBKDgKP5/ewfXEznmQFfs4ZRmanOeKBTjRVjka3QFoN6XJ+9F3USqfHqTaU5w=="
    },
    "jsonfile": {
      "version": "1.0.1",
      "resolved": "https://registry.npmjs.org/jsonfile/-/jsonfile-1.0.1.tgz",
      "integrity": "sha1-6l7+QLg2kLmGZ2FKc5L8YOhCwN0="
    },
    "jsonify": {
      "version": "0.0.0",
      "resolved": "https://registry.npmjs.org/jsonify/-/jsonify-0.0.0.tgz",
      "integrity": "sha1-LHS27kHZPKUbe1qu6PUDYx0lKnM="
    },
    "jsonparse": {
      "version": "0.0.5",
      "resolved": "https://registry.npmjs.org/jsonparse/-/jsonparse-0.0.5.tgz",
      "integrity": "sha1-MwVCrT8KZUZlt3jz6y2an6UHrGQ="
    },
    "kind-of": {
      "version": "3.2.2",
      "resolved": "https://registry.npmjs.org/kind-of/-/kind-of-3.2.2.tgz",
      "integrity": "sha1-MeohpzS6ubuw8yRm2JOupR5KPGQ=",
      "requires": {
        "is-buffer": "^1.1.5"
      }
    },
    "lazy-cache": {
      "version": "1.0.4",
      "resolved": "https://registry.npmjs.org/lazy-cache/-/lazy-cache-1.0.4.tgz",
      "integrity": "sha1-odePw6UEdMuAhF07O24dpJpEbo4="
    },
    "lexical-scope": {
      "version": "0.0.15",
      "resolved": "https://registry.npmjs.org/lexical-scope/-/lexical-scope-0.0.15.tgz",
      "integrity": "sha1-yllZl6rth7FVywQfSNwEOPSKBNw=",
      "requires": {
        "astw": "0.0.0"
      }
    },
    "longest": {
      "version": "1.0.1",
      "resolved": "https://registry.npmjs.org/longest/-/longest-1.0.1.tgz",
      "integrity": "sha1-MKCy2jj3N3DoKUoNIuZiXtd9AJc="
    },
    "map-stream": {
      "version": "0.0.7",
      "resolved": "https://registry.npmjs.org/map-stream/-/map-stream-0.0.7.tgz",
      "integrity": "sha1-ih8HiW2CsQkmvTdEokIACfiJdKg="
    },
    "minimist": {
      "version": "0.0.10",
      "resolved": "https://registry.npmjs.org/minimist/-/minimist-0.0.10.tgz",
      "integrity": "sha1-3j+YVD2/lggr5IrRoMfNqDYwHc8="
    },
    "mkdirp": {
      "version": "0.3.5",
      "resolved": "https://registry.npmjs.org/mkdirp/-/mkdirp-0.3.5.tgz",
      "integrity": "sha1-3j5fiWHIjHh+4TaN+EmsRBPsqNc="
    },
    "module-deps": {
      "version": "1.0.2",
      "resolved": "https://registry.npmjs.org/module-deps/-/module-deps-1.0.2.tgz",
      "integrity": "sha1-Xug8/XC6iDhp+my664IzSo8Gn8s=",
      "requires": {
        "JSONStream": "0.6.4",
        "browser-resolve": "1.1.4",
        "concat-stream": "1.0.1",
        "detective": "2.1.2",
        "minimist": "0.0.10",
        "resolve": "0.4.3",
        "through": "2.3.8"
      },
      "dependencies": {
        "resolve": {
          "version": "0.4.3",
          "resolved": "https://registry.npmjs.org/resolve/-/resolve-0.4.3.tgz",
          "integrity": "sha1-3K2tIC58rMJGfjo4gAIR9C+cE98="
        }
      }
    },
    "ncp": {
      "version": "0.4.2",
      "resolved": "https://registry.npmjs.org/ncp/-/ncp-0.4.2.tgz",
      "integrity": "sha1-q8xsvT7C7Spyn/bnwfqPAXhKhXQ="
    },
    "optimist": {
      "version": "0.5.2",
      "resolved": "https://registry.npmjs.org/optimist/-/optimist-0.5.2.tgz",
      "integrity": "sha1-hcjBRUszFeSniUfoV7HfAzRQv7w=",
      "requires": {
        "wordwrap": "0.0.3"
      }
    },
    "parents": {
      "version": "0.0.3",
      "resolved": "https://registry.npmjs.org/parents/-/parents-0.0.3.tgz",
      "integrity": "sha1-+iEvAk2fpjGNu2tM5nbIvkk7nEM=",
      "requires": {
        "path-platform": "0.0.1"
      }
    },
    "parse-base64vlq-mappings": {
      "version": "0.1.4",
      "resolved": "https://registry.npmjs.org/parse-base64vlq-mappings/-/parse-base64vlq-mappings-0.1.4.tgz",
      "integrity": "sha1-/PXd3tOaAQ3449xgnIbtAQF9+pg="
    },
    "path-platform": {
      "version": "0.0.1",
      "resolved": "https://registry.npmjs.org/path-platform/-/path-platform-0.0.1.tgz",
      "integrity": "sha1-tVhdfDxGPYmqAGDYZhHPGv1hfio="
    },
    "pause-stream": {
      "version": "0.0.11",
      "resolved": "https://registry.npmjs.org/pause-stream/-/pause-stream-0.0.11.tgz",
      "integrity": "sha1-/lo0sMvOErWqaitAPuLnO2AvFEU=",
      "requires": {
        "through": "2.3.8"
      }
    },
    "process": {
      "version": "0.5.2",
      "resolved": "https://registry.npmjs.org/process/-/process-0.5.2.tgz",
      "integrity": "sha1-FjjYqONML0QKkduVq5rrZ3/Bhc8="
    },
    "punycode": {
      "version": "1.2.4",
      "resolved": "https://registry.npmjs.org/punycode/-/punycode-1.2.4.tgz",
      "integrity": "sha1-VACKyXKux0F13vnLpt9/qdORh0A="
    },
    "repeat-string": {
      "version": "1.6.1",
      "resolved": "https://registry.npmjs.org/repeat-string/-/repeat-string-1.6.1.tgz",
      "integrity": "sha1-jcrkcOHIirwtYA//Sndihtp15jc="
    },
    "resolve": {
      "version": "0.3.1",
      "resolved": "https://registry.npmjs.org/resolve/-/resolve-0.3.1.tgz",
      "integrity": "sha1-NMY0R8ZkxwWY0cmxJvxDsqJDEKQ="
    },
    "rfile": {
      "version": "1.0.0",
      "resolved": "https://registry.npmjs.org/rfile/-/rfile-1.0.0.tgz",
      "integrity": "sha1-WXCM+Qyh50xUw8/Fw2/bmBBDUmE=",
      "requires": {
        "callsite": "1.0.0",
        "resolve": "0.3.1"
      }
    },
    "right-align": {
      "version": "0.1.3",
      "resolved": "https://registry.npmjs.org/right-align/-/right-align-0.1.3.tgz",
      "integrity": "sha1-YTObci/mo1FWiSENJOFMlhSGE+8=",
      "requires": {
        "align-text": "^0.1.1"
      }
    },
    "rimraf": {
      "version": "2.2.8",
      "resolved": "https://registry.npmjs.org/rimraf/-/rimraf-2.2.8.tgz",
      "integrity": "sha1-5Dm+Kq7jJzIZUnMPmaiSnk/FBYI="
    },
    "ruglify": {
      "version": "1.0.0",
      "resolved": "https://registry.npmjs.org/ruglify/-/ruglify-1.0.0.tgz",
      "integrity": "sha1-3Ikw4qlUSidDAcyZcldMDQmGtnU=",
      "requires": {
        "rfile": "1.0.0",
        "uglify-js": "2.2.5"
      },
      "dependencies": {
        "optimist": {
          "version": "0.3.7",
          "resolved": "https://registry.npmjs.org/optimist/-/optimist-0.3.7.tgz",
          "integrity": "sha1-yQlBrVnkJzMokjB00s8ufLxuwNk=",
          "requires": {
            "wordwrap": "0.0.3"
          }
        },
        "uglify-js": {
          "version": "2.2.5",
          "resolved": "https://registry.npmjs.org/uglify-js/-/uglify-js-2.2.5.tgz",
          "integrity": "sha1-puAqcNg5eSuXgEiLe4sYTAlcmcc=",
          "requires": {
            "optimist": "0.3.7",
            "source-map": "0.1.43"
          }
        }
      }
    },
    "shell-quote": {
      "version": "0.0.1",
      "resolved": "https://registry.npmjs.org/shell-quote/-/shell-quote-0.0.1.tgz",
      "integrity": "sha1-GkEZbzwDM8SCMjWT1ohuzxU92YY="
    },
    "source-map": {
      "version": "0.1.43",
      "resolved": "https://registry.npmjs.org/source-map/-/source-map-0.1.43.tgz",
      "integrity": "sha1-wkvBRspRfBRx9drL4lcbK3+eM0Y=",
      "requires": {
        "amdefine": "1.0.1"
      }
    },
    "split": {
      "version": "0.2.10",
      "resolved": "https://registry.npmjs.org/split/-/split-0.2.10.tgz",
      "integrity": "sha1-Zwl8YB1pfOE2j0GPBs0gHPBSGlc=",
      "requires": {
        "through": "2.3.8"
      }
    },
    "stream-combiner": {
      "version": "0.0.4",
      "resolved": "https://registry.npmjs.org/stream-combiner/-/stream-combiner-0.0.4.tgz",
      "integrity": "sha1-TV5DPBhSYd3mI8o/RMWGvPXErRQ=",
      "requires": {
        "duplexer": "0.1.1"
      }
    },
    "syntax-error": {
      "version": "0.0.1",
      "resolved": "https://registry.npmjs.org/syntax-error/-/syntax-error-0.0.1.tgz",
      "integrity": "sha1-AZ0HU0jNjFt58GA8c+U4kafFI10=",
      "requires": {
        "esprima": "0.9.9"
      },
      "dependencies": {
        "esprima": {
          "version": "0.9.9",
          "resolved": "https://registry.npmjs.org/esprima/-/esprima-0.9.9.tgz",
          "integrity": "sha1-G5CSXJddYy1ygpOcO7nDpCPDBJA="
        }
      }
    },
    "tape": {
      "version": "0.2.2",
      "resolved": "https://registry.npmjs.org/tape/-/tape-0.2.2.tgz",
      "integrity": "sha1-ZMz6S37PSgBgAH5hcW1CR4FnFjc=",
      "requires": {
        "deep-equal": "0.0.0",
        "defined": "0.0.0",
        "jsonify": "0.0.0"
      }
    },
    "through": {
      "version": "2.3.8",
      "resolved": "https://registry.npmjs.org/through/-/through-2.3.8.tgz",
      "integrity": "sha1-DdTJ/6q8NXlgsbckEV1+Doai4fU="
    },
    "to-utf8": {
      "version": "0.0.1",
      "resolved": "https://registry.npmjs.org/to-utf8/-/to-utf8-0.0.1.tgz",
      "integrity": "sha1-0Xrqcv8vujm55DYBvns/9y4ImFI="
    },
    "uglify-js": {
      "version": "2.6.0",
      "resolved": "https://registry.npmjs.org/uglify-js/-/uglify-js-2.6.0.tgz",
      "integrity": "sha1-JeqhzDVQ45QQzu+v0c+7a20V8AE=",
      "requires": {
        "async": "~0.2.6",
        "source-map": "~0.5.1",
        "uglify-to-browserify": "~1.0.0",
        "yargs": "~3.10.0"
      },
      "dependencies": {
        "source-map": {
          "version": "0.5.7",
          "resolved": "https://registry.npmjs.org/source-map/-/source-map-0.5.7.tgz",
          "integrity": "sha1-igOdLRAh0i0eoUyA2OpGi6LvP8w="
        }
      }
    },
    "uglify-to-browserify": {
      "version": "1.0.2",
      "resolved": "https://registry.npmjs.org/uglify-to-browserify/-/uglify-to-browserify-1.0.2.tgz",
      "integrity": "sha1-bgkk1r2mta/jSeOabWMoUKD4grc="
    },
    "umd": {
      "version": "1.1.1",
      "resolved": "https://registry.npmjs.org/umd/-/umd-1.1.1.tgz",
      "integrity": "sha1-SBtkZVsbPbDB85ECJcOAT8bX7Fg=",
      "requires": {
        "rfile": "1.0.0",
        "ruglify": "1.0.0",
        "through": "2.3.8",
        "uglify-js": "2.2.5"
      },
      "dependencies": {
        "optimist": {
          "version": "0.3.7",
          "resolved": "https://registry.npmjs.org/optimist/-/optimist-0.3.7.tgz",
          "integrity": "sha1-yQlBrVnkJzMokjB00s8ufLxuwNk=",
          "requires": {
            "wordwrap": "0.0.3"
          }
        },
        "uglify-js": {
          "version": "2.2.5",
          "resolved": "https://registry.npmjs.org/uglify-js/-/uglify-js-2.2.5.tgz",
          "integrity": "sha1-puAqcNg5eSuXgEiLe4sYTAlcmcc=",
          "requires": {
            "optimist": "0.3.7",
            "source-map": "0.1.43"
          }
        }
      }
    },
    "vm-browserify": {
      "version": "0.0.4",
      "resolved": "https://registry.npmjs.org/vm-browserify/-/vm-browserify-0.0.4.tgz",
      "integrity": "sha1-XX6kW7755Kb/ZflUOOCofDV9WnM=",
      "requires": {
        "indexof": "0.0.1"
      }
    },
    "window-size": {
      "version": "0.1.0",
      "resolved": "https://registry.npmjs.org/window-size/-/window-size-0.1.0.tgz",
      "integrity": "sha1-VDjNLqk7IC76Ohn+iIeu58lPnJ0="
    },
    "wordwrap": {
      "version": "0.0.3",
      "resolved": "https://registry.npmjs.org/wordwrap/-/wordwrap-0.0.3.tgz",
      "integrity": "sha1-o9XabNXAvAAI03I0u68b7WMFkQc="
    },
    "yargs": {
      "version": "3.10.0",
      "resolved": "https://registry.npmjs.org/yargs/-/yargs-3.10.0.tgz",
      "integrity": "sha1-9+572FfdfB0tOMDnTvvWgdFDH9E=",
      "requires": {
        "camelcase": "^1.0.2",
        "cliui": "^2.1.0",
        "decamelize": "^1.0.0",
        "window-size": "0.1.0"
      }
    },
    "zlib-browserify": {
      "version": "0.0.3",
      "resolved": "https://registry.npmjs.org/zlib-browserify/-/zlib-browserify-0.0.3.tgz",
      "integrity": "sha1-JAzNv9AgP6hCsTDe77FBQSLIzFA=",
      "requires": {
        "tape": "0.2.2"
      }
    }
  }
}
