{
    "name": "jollof-spice-blog",
    "version": "0.6.22",
    "lockfileVersion": 1,
    "requires": true,
    "dependencies": {
        "boom": {
            "version": "4.3.1",
            "resolved": "https://registry.npmjs.org/boom/-/boom-4.3.1.tgz",
            "integrity": "sha1-T4owBctKfjiJ90kDD9JbluAdLjE=",
            "requires": {
                "hoek": "4.1.1"
            }
        },
        "gravatar-url": {
            "version": "2.0.0",
            "resolved": "https://registry.npmjs.org/gravatar-url/-/gravatar-url-2.0.0.tgz",
            "integrity": "sha1-1o7Ns2Od3rQJ0dVMDocI86mwLbc=",
            "requires": {
                "md5-hex": "2.0.0"
            }
        },
        "hoek": {
            "version": "4.1.1",
            "resolved": "https://registry.npmjs.org/hoek/-/hoek-4.1.1.tgz",
            "integrity": "sha1-nMVz/7ore0CPtenCoTeWvpTN3Ok="
        },
        "md5-hex": {
            "version": "2.0.0",
            "resolved": "https://registry.npmjs.org/md5-hex/-/md5-hex-2.0.0.tgz",
            "integrity": "sha1-0FiOnxx0lUSS7NJKwKxs6ZfZLjM=",
            "requires": {
                "md5-o-matic": "0.1.1"
            }
        },
        "md5-o-matic": {
            "version": "0.1.1",
            "resolved": "https://registry.npmjs.org/md5-o-matic/-/md5-o-matic-0.1.1.tgz",
            "integrity": "sha1-givM1l4RfFFPqxdrJZRdVBAKA8M="
        },
        "require-dir": {
            "version": "0.3.2",
            "resolved": "https://registry.npmjs.org/require-dir/-/require-dir-0.3.2.tgz",
            "integrity": "sha1-wdXHXp+//eny5rM+OD209ZS1pqk="
        },
        "slug": {
            "version": "0.9.1",
            "resolved": "https://registry.npmjs.org/slug/-/slug-0.9.1.tgz",
            "integrity": "sha1-rwj2CKfBFRa2F3iqgA3OhMUYz9o=",
            "requires": {
                "unicode": "10.0.0"
            }
        },
        "unicode": {
            "version": "10.0.0",
            "resolved": "https://registry.npmjs.org/unicode/-/unicode-10.0.0.tgz",
            "integrity": "sha1-5dUcHbk7bHGguHngsMSvfm/faI4="
        }
    }
}
