{
  "lockfileVersion": 1,
  "dependencies": {
    "boom": {
      "version": "4.3.1",
      "resolved": "https://registry.npmjs.org/boom/-/boom-4.3.1.tgz",
      "integrity": "sha1-T4owBctKfjiJ90kDD9JbluAdLjE="
    },
    "const": {
      "version": "1.0.0",
      "resolved": "https://registry.npmjs.org/const/-/const-1.0.0.tgz",
      "integrity": "sha1-0VkZFmW2iF9dZcVTNWJqh8xuwTw="
    },
    "hoek": {
      "version": "4.1.1",
      "resolved": "https://registry.npmjs.org/hoek/-/hoek-4.1.1.tgz",
      "integrity": "sha1-nMVz/7ore0CPtenCoTeWvpTN3Ok="
    },
    "require-dir": {
      "version": "0.3.2",
      "resolved": "https://registry.npmjs.org/require-dir/-/require-dir-0.3.2.tgz",
      "integrity": "sha1-wdXHXp+//eny5rM+OD209ZS1pqk="
    }
  }
}
